
Microsoft Visual Studio Solution File, Format Version 12.00
Project("{FAE04EC0-301F-11D3-BF4B-00C04F79EFBC}") = "amigos-avanade", "amigos-avanade.csproj", "{0110FE85-EE91-42E8-B575-713A8FEAADCE}"
EndProject
Global
	GlobalSection(SolutionConfigurationPlatforms) = preSolution
		Debug|Any CPU = Debug|Any CPU
		Release|Any CPU = Release|Any CPU
	EndGlobalSection
	GlobalSection(ProjectConfigurationPlatforms) = postSolution
		{0110FE85-EE91-42E8-B575-713A8FEAADCE}.Debug|Any CPU.ActiveCfg = Debug|Any CPU
		{0110FE85-EE91-42E8-B575-713A8FEAADCE}.Debug|Any CPU.Build.0 = Debug|Any CPU
		{0110FE85-EE91-42E8-B575-713A8FEAADCE}.Release|Any CPU.ActiveCfg = Release|Any CPU
		{0110FE85-EE91-42E8-B575-713A8FEAADCE}.Release|Any CPU.Build.0 = Release|Any CPU
	EndGlobalSection
EndGlobal
